
Microsoft Visual Studio Solution File, Format Version 12.00
# Visual Studio Version 16
VisualStudioVersion = 16.0.31105.61
MinimumVisualStudioVersion = 10.0.40219.1
Project("{FAE04EC0-301F-11D3-BF4B-00C04F79EFBC}") = "QuotesWebApp", "QuotesWebApp.csproj", "{B39D5371-2F77-4DDC-9F0D-8E4B0F83547B}"
EndProject
Global
	GlobalSection(SolutionConfigurationPlatforms) = preSolution
		Debug|Any CPU = Debug|Any CPU
		Release|Any CPU = Release|Any CPU
	EndGlobalSection
	GlobalSection(ProjectConfigurationPlatforms) = postSolution
		{B39D5371-2F77-4DDC-9F0D-8E4B0F83547B}.Debug|Any CPU.ActiveCfg = Debug|Any CPU
		{B39D5371-2F77-4DDC-9F0D-8E4B0F83547B}.Debug|Any CPU.Build.0 = Debug|Any CPU
		{B39D5371-2F77-4DDC-9F0D-8E4B0F83547B}.Release|Any CPU.ActiveCfg = Release|Any CPU
		{B39D5371-2F77-4DDC-9F0D-8E4B0F83547B}.Release|Any CPU.Build.0 = Release|Any CPU
	EndGlobalSection
	GlobalSection(SolutionProperties) = preSolution
		HideSolutionNode = FALSE
	EndGlobalSection
	GlobalSection(ExtensibilityGlobals) = postSolution
		SolutionGuid = {B078F86F-BC67-4D8E-8047-9A6603444E95}
	EndGlobalSection
EndGlobal
